
Microsoft Visual Studio Solution File, Format Version 12.00
# Visual Studio Version 17
VisualStudioVersion = 17.3.32929.385
MinimumVisualStudioVersion = 10.0.40219.1
Project("{9A19103F-16F7-4668-BE54-9A1E7A4F7556}") = "Api_Versioning", "Api_Versioning\Api_Versioning.csproj", "{9D7A458F-E2CC-4362-816A-D9DAEAEA1989}"
EndProject
Project("{FAE04EC0-301F-11D3-BF4B-00C04F79EFBC}") = "Minimal_Api_Versioning", "Minimal_Api_Versioning\Minimal_Api_Versioning.csproj", "{AB347493-5D85-4D6B-90D9-5358153F01E5}"
EndProject
Global
	GlobalSection(SolutionConfigurationPlatforms) = preSolution
		Debug|Any CPU = Debug|Any CPU
		Release|Any CPU = Release|Any CPU
	EndGlobalSection
	GlobalSection(ProjectConfigurationPlatforms) = postSolution
		{9D7A458F-E2CC-4362-816A-D9DAEAEA1989}.Debug|Any CPU.ActiveCfg = Debug|Any CPU
		{9D7A458F-E2CC-4362-816A-D9DAEAEA1989}.Debug|Any CPU.Build.0 = Debug|Any CPU
		{9D7A458F-E2CC-4362-816A-D9DAEAEA1989}.Release|Any CPU.ActiveCfg = Release|Any CPU
		{9D7A458F-E2CC-4362-816A-D9DAEAEA1989}.Release|Any CPU.Build.0 = Release|Any CPU
		{AB347493-5D85-4D6B-90D9-5358153F01E5}.Debug|Any CPU.ActiveCfg = Debug|Any CPU
		{AB347493-5D85-4D6B-90D9-5358153F01E5}.Debug|Any CPU.Build.0 = Debug|Any CPU
		{AB347493-5D85-4D6B-90D9-5358153F01E5}.Release|Any CPU.ActiveCfg = Release|Any CPU
		{AB347493-5D85-4D6B-90D9-5358153F01E5}.Release|Any CPU.Build.0 = Release|Any CPU
	EndGlobalSection
	GlobalSection(SolutionProperties) = preSolution
		HideSolutionNode = FALSE
	EndGlobalSection
	GlobalSection(ExtensibilityGlobals) = postSolution
		SolutionGuid = {A233052B-8D30-4EC9-B464-4D16B04BA1F7}
	EndGlobalSection
EndGlobal
